
Microsoft Visual Studio Solution File, Format Version 12.00
# Visual Studio 14
VisualStudioVersion = 14.0.25123.0
MinimumVisualStudioVersion = 10.0.40219.1
Project("{FAE04EC0-301F-11D3-BF4B-00C04F79EFBC}") = "ConsoleApplication", "ConsoleApplication\ConsoleApplication.csproj", "{FA187ECB-4623-4082-ACF6-C31DA68F5269}"
EndProject
Project("{FAE04EC0-301F-11D3-BF4B-00C04F79EFBC}") = "RangePoker.Specs", "RangePoker.Specs\RangePoker.Specs.csproj", "{5B9145E3-C1F7-41B0-BC45-4B0C9C9B4381}"
EndProject
Project("{FAE04EC0-301F-11D3-BF4B-00C04F79EFBC}") = "Poker", "Poker\Poker.csproj", "{7DA0AB4B-2710-4D79-8B61-86C4D87A6A68}"
EndProject
Global
	GlobalSection(SolutionConfigurationPlatforms) = preSolution
		Debug|Any CPU = Debug|Any CPU
		Release|Any CPU = Release|Any CPU
	EndGlobalSection
	GlobalSection(ProjectConfigurationPlatforms) = postSolution
		{FA187ECB-4623-4082-ACF6-C31DA68F5269}.Debug|Any CPU.ActiveCfg = Debug|Any CPU
		{FA187ECB-4623-4082-ACF6-C31DA68F5269}.Debug|Any CPU.Build.0 = Debug|Any CPU
		{FA187ECB-4623-4082-ACF6-C31DA68F5269}.Release|Any CPU.ActiveCfg = Release|Any CPU
		{FA187ECB-4623-4082-ACF6-C31DA68F5269}.Release|Any CPU.Build.0 = Release|Any CPU
		{5B9145E3-C1F7-41B0-BC45-4B0C9C9B4381}.Debug|Any CPU.ActiveCfg = Debug|Any CPU
		{5B9145E3-C1F7-41B0-BC45-4B0C9C9B4381}.Debug|Any CPU.Build.0 = Debug|Any CPU
		{5B9145E3-C1F7-41B0-BC45-4B0C9C9B4381}.Release|Any CPU.ActiveCfg = Release|Any CPU
		{5B9145E3-C1F7-41B0-BC45-4B0C9C9B4381}.Release|Any CPU.Build.0 = Release|Any CPU
		{7DA0AB4B-2710-4D79-8B61-86C4D87A6A68}.Debug|Any CPU.ActiveCfg = Debug|Any CPU
		{7DA0AB4B-2710-4D79-8B61-86C4D87A6A68}.Debug|Any CPU.Build.0 = Debug|Any CPU
		{7DA0AB4B-2710-4D79-8B61-86C4D87A6A68}.Release|Any CPU.ActiveCfg = Release|Any CPU
		{7DA0AB4B-2710-4D79-8B61-86C4D87A6A68}.Release|Any CPU.Build.0 = Release|Any CPU
	EndGlobalSection
	GlobalSection(SolutionProperties) = preSolution
		HideSolutionNode = FALSE
	EndGlobalSection
EndGlobal
