
Microsoft Visual Studio Solution File, Format Version 12.00
# Visual Studio 14
VisualStudioVersion = 14.0.25420.1
MinimumVisualStudioVersion = 10.0.40219.1
Project("{FAE04EC0-301F-11D3-BF4B-00C04F79EFBC}") = "RangePoker.Specs", "RangePoker.Specs\RangePoker.Specs.csproj", "{5B9145E3-C1F7-41B0-BC45-4B0C9C9B4381}"
EndProject
Project("{FAE04EC0-301F-11D3-BF4B-00C04F79EFBC}") = "Poker", "Poker\Poker.csproj", "{7DA0AB4B-2710-4D79-8B61-86C4D87A6A68}"
EndProject
Project("{FAE04EC0-301F-11D3-BF4B-00C04F79EFBC}") = "PokerTest", "PokerTest\PokerTest.csproj", "{0F3632FE-5A1C-469C-8CFE-6987ECF696C4}"
EndProject
Project("{FAE04EC0-301F-11D3-BF4B-00C04F79EFBC}") = "PokerConsole", "PokerConsole\PokerConsole.csproj", "{8B962378-B306-4049-89E4-FEAA8A6F67EF}"
EndProject
Global
	GlobalSection(SolutionConfigurationPlatforms) = preSolution
		Debug|Any CPU = Debug|Any CPU
		Release|Any CPU = Release|Any CPU
	EndGlobalSection
	GlobalSection(ProjectConfigurationPlatforms) = postSolution
		{5B9145E3-C1F7-41B0-BC45-4B0C9C9B4381}.Debug|Any CPU.ActiveCfg = Debug|Any CPU
		{5B9145E3-C1F7-41B0-BC45-4B0C9C9B4381}.Debug|Any CPU.Build.0 = Debug|Any CPU
		{5B9145E3-C1F7-41B0-BC45-4B0C9C9B4381}.Release|Any CPU.ActiveCfg = Release|Any CPU
		{5B9145E3-C1F7-41B0-BC45-4B0C9C9B4381}.Release|Any CPU.Build.0 = Release|Any CPU
		{7DA0AB4B-2710-4D79-8B61-86C4D87A6A68}.Debug|Any CPU.ActiveCfg = Debug|Any CPU
		{7DA0AB4B-2710-4D79-8B61-86C4D87A6A68}.Debug|Any CPU.Build.0 = Debug|Any CPU
		{7DA0AB4B-2710-4D79-8B61-86C4D87A6A68}.Release|Any CPU.ActiveCfg = Release|Any CPU
		{7DA0AB4B-2710-4D79-8B61-86C4D87A6A68}.Release|Any CPU.Build.0 = Release|Any CPU
		{0F3632FE-5A1C-469C-8CFE-6987ECF696C4}.Debug|Any CPU.ActiveCfg = Debug|Any CPU
		{0F3632FE-5A1C-469C-8CFE-6987ECF696C4}.Debug|Any CPU.Build.0 = Debug|Any CPU
		{0F3632FE-5A1C-469C-8CFE-6987ECF696C4}.Release|Any CPU.ActiveCfg = Release|Any CPU
		{0F3632FE-5A1C-469C-8CFE-6987ECF696C4}.Release|Any CPU.Build.0 = Release|Any CPU
		{8B962378-B306-4049-89E4-FEAA8A6F67EF}.Debug|Any CPU.ActiveCfg = Debug|Any CPU
		{8B962378-B306-4049-89E4-FEAA8A6F67EF}.Debug|Any CPU.Build.0 = Debug|Any CPU
		{8B962378-B306-4049-89E4-FEAA8A6F67EF}.Release|Any CPU.ActiveCfg = Release|Any CPU
		{8B962378-B306-4049-89E4-FEAA8A6F67EF}.Release|Any CPU.Build.0 = Release|Any CPU
	EndGlobalSection
	GlobalSection(SolutionProperties) = preSolution
		HideSolutionNode = FALSE
	EndGlobalSection
EndGlobal
